
Microsoft Visual Studio Solution File, Format Version 12.00
# Visual Studio 15
VisualStudioVersion = 15.0.28307.329
MinimumVisualStudioVersion = 10.0.40219.1
Project("{8BC9CEB8-8B4A-11D0-8D11-00A0C91BC942}") = "Lab 1 Datalog Scanner CS 236", "Lab 1 Datalog Scanner CS 236\Lab 1 Datalog Scanner CS 236.vcxproj", "{F9CC88F0-A47C-4B69-8681-E70998DDAE1C}"
EndProject
Global
	GlobalSection(SolutionConfigurationPlatforms) = preSolution
		Debug|x64 = Debug|x64
		Debug|x86 = Debug|x86
		Release|x64 = Release|x64
		Release|x86 = Release|x86
	EndGlobalSection
	GlobalSection(ProjectConfigurationPlatforms) = postSolution
		{F9CC88F0-A47C-4B69-8681-E70998DDAE1C}.Debug|x64.ActiveCfg = Debug|x64
		{F9CC88F0-A47C-4B69-8681-E70998DDAE1C}.Debug|x64.Build.0 = Debug|x64
		{F9CC88F0-A47C-4B69-8681-E70998DDAE1C}.Debug|x86.ActiveCfg = Debug|Win32
		{F9CC88F0-A47C-4B69-8681-E70998DDAE1C}.Debug|x86.Build.0 = Debug|Win32
		{F9CC88F0-A47C-4B69-8681-E70998DDAE1C}.Release|x64.ActiveCfg = Release|x64
		{F9CC88F0-A47C-4B69-8681-E70998DDAE1C}.Release|x64.Build.0 = Release|x64
		{F9CC88F0-A47C-4B69-8681-E70998DDAE1C}.Release|x86.ActiveCfg = Release|Win32
		{F9CC88F0-A47C-4B69-8681-E70998DDAE1C}.Release|x86.Build.0 = Release|Win32
	EndGlobalSection
	GlobalSection(SolutionProperties) = preSolution
		HideSolutionNode = FALSE
	EndGlobalSection
	GlobalSection(ExtensibilityGlobals) = postSolution
		SolutionGuid = {EBB4B2BF-2A6B-401A-92D1-BE29161AA59D}
	EndGlobalSection
EndGlobal
